
Microsoft Visual Studio Solution File, Format Version 12.00
# Visual Studio Version 16
VisualStudioVersion = 16.0.31205.134
MinimumVisualStudioVersion = 10.0.40219.1
Project("{FAE04EC0-301F-11D3-BF4B-00C04F79EFBC}") = "MyWebMVC", "MyWebMVC.csproj", "{226937E2-5769-4D79-958D-AD60471CA2F4}"
EndProject
Global
	GlobalSection(SolutionConfigurationPlatforms) = preSolution
		Debug|Any CPU = Debug|Any CPU
		Release|Any CPU = Release|Any CPU
	EndGlobalSection
	GlobalSection(ProjectConfigurationPlatforms) = postSolution
		{226937E2-5769-4D79-958D-AD60471CA2F4}.Debug|Any CPU.ActiveCfg = Debug|Any CPU
		{226937E2-5769-4D79-958D-AD60471CA2F4}.Debug|Any CPU.Build.0 = Debug|Any CPU
		{226937E2-5769-4D79-958D-AD60471CA2F4}.Release|Any CPU.ActiveCfg = Release|Any CPU
		{226937E2-5769-4D79-958D-AD60471CA2F4}.Release|Any CPU.Build.0 = Release|Any CPU
	EndGlobalSection
	GlobalSection(SolutionProperties) = preSolution
		HideSolutionNode = FALSE
	EndGlobalSection
	GlobalSection(ExtensibilityGlobals) = postSolution
		SolutionGuid = {1E5D234C-E765-4837-B82D-17D97CC9A98C}
	EndGlobalSection
EndGlobal
